
Microsoft Visual Studio Solution File, Format Version 12.00
# Visual Studio 15
VisualStudioVersion = 15.0.28307.168
MinimumVisualStudioVersion = 10.0.40219.1
Project("{FAE04EC0-301F-11D3-BF4B-00C04F79EFBC}") = "Assembler.Main", "Projects\Assembler\Assembler.Main.csproj", "{71D5C5F0-EE31-47BE-A430-76DC2C24D87F}"
EndProject
Project("{FAE04EC0-301F-11D3-BF4B-00C04F79EFBC}") = "Assembler.CmdLine", "Projects\CmdLine\Assembler.CmdLine.csproj", "{FF03A47D-4E1F-41E3-8E12-70D1A54B727C}"
EndProject
Project("{FAE04EC0-301F-11D3-BF4B-00C04F79EFBC}") = "Assembler.Common", "Projects\Utility\Assembler.Common.csproj", "{12BEECBB-6F2B-4D2C-9507-1E7E32AB2EE3}"
EndProject
Project("{FAE04EC0-301F-11D3-BF4B-00C04F79EFBC}") = "Assembler.OutputProcessing", "Projects\OutputProcessing\Assembler.OutputProcessing.csproj", "{79B8C0DC-354D-4285-A1AA-46693D7A2AC6}"
EndProject
Project("{FAE04EC0-301F-11D3-BF4B-00C04F79EFBC}") = "Assembler.Interpreter", "Projects\Interpreter\Assembler.Interpreter.csproj", "{795BAC7E-64ED-4685-81BE-3032DCC461D7}"
EndProject
Project("{FAE04EC0-301F-11D3-BF4B-00C04F79EFBC}") = "Assembler.Disassembler", "Projects\Disassembler\Assembler.Disassembler.csproj", "{EE846CEC-7720-4C0D-AF2A-283870AE8BEC}"
EndProject
Project("{FAE04EC0-301F-11D3-BF4B-00C04F79EFBC}") = "Assembler.Linker", "Projects\Assembler.Linker\Assembler.Linker.csproj", "{28ED32B0-76E7-48CD-9664-E045F5FB073E}"
EndProject
Project("{FAE04EC0-301F-11D3-BF4B-00C04F79EFBC}") = "Assembler.FormsGui", "Projects\FormsGui\Assembler.FormsGui.csproj", "{63D29618-58E3-45A7-9E10-8393A9C7F05C}"
EndProject
Global
	GlobalSection(SolutionConfigurationPlatforms) = preSolution
		Assembly Debug|Any CPU = Assembly Debug|Any CPU
		Debug|Any CPU = Debug|Any CPU
		Disassembly Debug|Any CPU = Disassembly Debug|Any CPU
		Release|Any CPU = Release|Any CPU
	EndGlobalSection
	GlobalSection(ProjectConfigurationPlatforms) = postSolution
		{71D5C5F0-EE31-47BE-A430-76DC2C24D87F}.Assembly Debug|Any CPU.ActiveCfg = Assembly Debug|Any CPU
		{71D5C5F0-EE31-47BE-A430-76DC2C24D87F}.Assembly Debug|Any CPU.Build.0 = Assembly Debug|Any CPU
		{71D5C5F0-EE31-47BE-A430-76DC2C24D87F}.Debug|Any CPU.ActiveCfg = Debug|Any CPU
		{71D5C5F0-EE31-47BE-A430-76DC2C24D87F}.Debug|Any CPU.Build.0 = Debug|Any CPU
		{71D5C5F0-EE31-47BE-A430-76DC2C24D87F}.Disassembly Debug|Any CPU.ActiveCfg = Disassembly Debug|Any CPU
		{71D5C5F0-EE31-47BE-A430-76DC2C24D87F}.Disassembly Debug|Any CPU.Build.0 = Disassembly Debug|Any CPU
		{71D5C5F0-EE31-47BE-A430-76DC2C24D87F}.Release|Any CPU.ActiveCfg = Release|Any CPU
		{71D5C5F0-EE31-47BE-A430-76DC2C24D87F}.Release|Any CPU.Build.0 = Release|Any CPU
		{9982789A-0FFF-4AC0-B7BE-213E189C7A52}.Assembly Debug|Any CPU.ActiveCfg = Assembly Debug|Any CPU
		{9982789A-0FFF-4AC0-B7BE-213E189C7A52}.Assembly Debug|Any CPU.Build.0 = Assembly Debug|Any CPU
		{9982789A-0FFF-4AC0-B7BE-213E189C7A52}.Debug|Any CPU.ActiveCfg = Debug|Any CPU
		{9982789A-0FFF-4AC0-B7BE-213E189C7A52}.Debug|Any CPU.Build.0 = Debug|Any CPU
		{9982789A-0FFF-4AC0-B7BE-213E189C7A52}.Disassembly Debug|Any CPU.ActiveCfg = Disassembly Debug|Any CPU
		{9982789A-0FFF-4AC0-B7BE-213E189C7A52}.Disassembly Debug|Any CPU.Build.0 = Disassembly Debug|Any CPU
		{9982789A-0FFF-4AC0-B7BE-213E189C7A52}.Release|Any CPU.ActiveCfg = Release|Any CPU
		{9982789A-0FFF-4AC0-B7BE-213E189C7A52}.Release|Any CPU.Build.0 = Release|Any CPU
		{FF03A47D-4E1F-41E3-8E12-70D1A54B727C}.Assembly Debug|Any CPU.ActiveCfg = Assembly Debug|Any CPU
		{FF03A47D-4E1F-41E3-8E12-70D1A54B727C}.Assembly Debug|Any CPU.Build.0 = Assembly Debug|Any CPU
		{FF03A47D-4E1F-41E3-8E12-70D1A54B727C}.Debug|Any CPU.ActiveCfg = Debug|Any CPU
		{FF03A47D-4E1F-41E3-8E12-70D1A54B727C}.Debug|Any CPU.Build.0 = Debug|Any CPU
		{FF03A47D-4E1F-41E3-8E12-70D1A54B727C}.Disassembly Debug|Any CPU.ActiveCfg = Disassembly Debug|Any CPU
		{FF03A47D-4E1F-41E3-8E12-70D1A54B727C}.Disassembly Debug|Any CPU.Build.0 = Disassembly Debug|Any CPU
		{FF03A47D-4E1F-41E3-8E12-70D1A54B727C}.Release|Any CPU.ActiveCfg = Release|Any CPU
		{FF03A47D-4E1F-41E3-8E12-70D1A54B727C}.Release|Any CPU.Build.0 = Release|Any CPU
		{12BEECBB-6F2B-4D2C-9507-1E7E32AB2EE3}.Assembly Debug|Any CPU.ActiveCfg = Assembly Debug|Any CPU
		{12BEECBB-6F2B-4D2C-9507-1E7E32AB2EE3}.Assembly Debug|Any CPU.Build.0 = Assembly Debug|Any CPU
		{12BEECBB-6F2B-4D2C-9507-1E7E32AB2EE3}.Debug|Any CPU.ActiveCfg = Debug|Any CPU
		{12BEECBB-6F2B-4D2C-9507-1E7E32AB2EE3}.Debug|Any CPU.Build.0 = Debug|Any CPU
		{12BEECBB-6F2B-4D2C-9507-1E7E32AB2EE3}.Disassembly Debug|Any CPU.ActiveCfg = Disassembly Debug|Any CPU
		{12BEECBB-6F2B-4D2C-9507-1E7E32AB2EE3}.Disassembly Debug|Any CPU.Build.0 = Disassembly Debug|Any CPU
		{12BEECBB-6F2B-4D2C-9507-1E7E32AB2EE3}.Release|Any CPU.ActiveCfg = Release|Any CPU
		{12BEECBB-6F2B-4D2C-9507-1E7E32AB2EE3}.Release|Any CPU.Build.0 = Release|Any CPU
		{79B8C0DC-354D-4285-A1AA-46693D7A2AC6}.Assembly Debug|Any CPU.ActiveCfg = Assembly Debug|Any CPU
		{79B8C0DC-354D-4285-A1AA-46693D7A2AC6}.Assembly Debug|Any CPU.Build.0 = Assembly Debug|Any CPU
		{79B8C0DC-354D-4285-A1AA-46693D7A2AC6}.Debug|Any CPU.ActiveCfg = Debug|Any CPU
		{79B8C0DC-354D-4285-A1AA-46693D7A2AC6}.Debug|Any CPU.Build.0 = Debug|Any CPU
		{79B8C0DC-354D-4285-A1AA-46693D7A2AC6}.Disassembly Debug|Any CPU.ActiveCfg = Disassembly Debug|Any CPU
		{79B8C0DC-354D-4285-A1AA-46693D7A2AC6}.Disassembly Debug|Any CPU.Build.0 = Disassembly Debug|Any CPU
		{79B8C0DC-354D-4285-A1AA-46693D7A2AC6}.Release|Any CPU.ActiveCfg = Release|Any CPU
		{79B8C0DC-354D-4285-A1AA-46693D7A2AC6}.Release|Any CPU.Build.0 = Release|Any CPU
		{795BAC7E-64ED-4685-81BE-3032DCC461D7}.Assembly Debug|Any CPU.ActiveCfg = Assembly Debug|Any CPU
		{795BAC7E-64ED-4685-81BE-3032DCC461D7}.Assembly Debug|Any CPU.Build.0 = Assembly Debug|Any CPU
		{795BAC7E-64ED-4685-81BE-3032DCC461D7}.Debug|Any CPU.ActiveCfg = Debug|Any CPU
		{795BAC7E-64ED-4685-81BE-3032DCC461D7}.Debug|Any CPU.Build.0 = Debug|Any CPU
		{795BAC7E-64ED-4685-81BE-3032DCC461D7}.Disassembly Debug|Any CPU.ActiveCfg = Disassembly Debug|Any CPU
		{795BAC7E-64ED-4685-81BE-3032DCC461D7}.Disassembly Debug|Any CPU.Build.0 = Disassembly Debug|Any CPU
		{795BAC7E-64ED-4685-81BE-3032DCC461D7}.Release|Any CPU.ActiveCfg = Release|Any CPU
		{795BAC7E-64ED-4685-81BE-3032DCC461D7}.Release|Any CPU.Build.0 = Release|Any CPU
		{EE846CEC-7720-4C0D-AF2A-283870AE8BEC}.Assembly Debug|Any CPU.ActiveCfg = Assembly Debug|Any CPU
		{EE846CEC-7720-4C0D-AF2A-283870AE8BEC}.Assembly Debug|Any CPU.Build.0 = Assembly Debug|Any CPU
		{EE846CEC-7720-4C0D-AF2A-283870AE8BEC}.Debug|Any CPU.ActiveCfg = Debug|Any CPU
		{EE846CEC-7720-4C0D-AF2A-283870AE8BEC}.Debug|Any CPU.Build.0 = Debug|Any CPU
		{EE846CEC-7720-4C0D-AF2A-283870AE8BEC}.Disassembly Debug|Any CPU.ActiveCfg = Disassembly Debug|Any CPU
		{EE846CEC-7720-4C0D-AF2A-283870AE8BEC}.Disassembly Debug|Any CPU.Build.0 = Disassembly Debug|Any CPU
		{EE846CEC-7720-4C0D-AF2A-283870AE8BEC}.Release|Any CPU.ActiveCfg = Release|Any CPU
		{EE846CEC-7720-4C0D-AF2A-283870AE8BEC}.Release|Any CPU.Build.0 = Release|Any CPU
		{28ED32B0-76E7-48CD-9664-E045F5FB073E}.Assembly Debug|Any CPU.ActiveCfg = Debug|Any CPU
		{28ED32B0-76E7-48CD-9664-E045F5FB073E}.Assembly Debug|Any CPU.Build.0 = Debug|Any CPU
		{28ED32B0-76E7-48CD-9664-E045F5FB073E}.Debug|Any CPU.ActiveCfg = Debug|Any CPU
		{28ED32B0-76E7-48CD-9664-E045F5FB073E}.Debug|Any CPU.Build.0 = Debug|Any CPU
		{28ED32B0-76E7-48CD-9664-E045F5FB073E}.Disassembly Debug|Any CPU.ActiveCfg = Debug|Any CPU
		{28ED32B0-76E7-48CD-9664-E045F5FB073E}.Disassembly Debug|Any CPU.Build.0 = Debug|Any CPU
		{28ED32B0-76E7-48CD-9664-E045F5FB073E}.Release|Any CPU.ActiveCfg = Release|Any CPU
		{28ED32B0-76E7-48CD-9664-E045F5FB073E}.Release|Any CPU.Build.0 = Release|Any CPU
		{63D29618-58E3-45A7-9E10-8393A9C7F05C}.Assembly Debug|Any CPU.ActiveCfg = Debug|Any CPU
		{63D29618-58E3-45A7-9E10-8393A9C7F05C}.Assembly Debug|Any CPU.Build.0 = Debug|Any CPU
		{63D29618-58E3-45A7-9E10-8393A9C7F05C}.Debug|Any CPU.ActiveCfg = Debug|Any CPU
		{63D29618-58E3-45A7-9E10-8393A9C7F05C}.Debug|Any CPU.Build.0 = Debug|Any CPU
		{63D29618-58E3-45A7-9E10-8393A9C7F05C}.Disassembly Debug|Any CPU.ActiveCfg = Debug|Any CPU
		{63D29618-58E3-45A7-9E10-8393A9C7F05C}.Disassembly Debug|Any CPU.Build.0 = Debug|Any CPU
		{63D29618-58E3-45A7-9E10-8393A9C7F05C}.Release|Any CPU.ActiveCfg = Release|Any CPU
		{63D29618-58E3-45A7-9E10-8393A9C7F05C}.Release|Any CPU.Build.0 = Release|Any CPU
	EndGlobalSection
	GlobalSection(SolutionProperties) = preSolution
		HideSolutionNode = FALSE
	EndGlobalSection
	GlobalSection(ExtensibilityGlobals) = postSolution
		SolutionGuid = {B02F4F95-AD29-46DB-958D-57ED29288A8A}
	EndGlobalSection
EndGlobal
